
Microsoft Visual Studio Solution File, Format Version 12.00
# Visual Studio 2012
Project("{FAE04EC0-301F-11D3-BF4B-00C04F79EFBC}") = "HyRj.Web", "HyRj.Web\HyRj.Web.csproj", "{F428CEFA-3955-49D3-AAF8-172E88ECFCA0}"
EndProject
Global
	GlobalSection(SolutionConfigurationPlatforms) = preSolution
		Debug|Any CPU = Debug|Any CPU
		Release|Any CPU = Release|Any CPU
	EndGlobalSection
	GlobalSection(ProjectConfigurationPlatforms) = postSolution
		{F428CEFA-3955-49D3-AAF8-172E88ECFCA0}.Debug|Any CPU.ActiveCfg = Debug|Any CPU
		{F428CEFA-3955-49D3-AAF8-172E88ECFCA0}.Debug|Any CPU.Build.0 = Debug|Any CPU
		{F428CEFA-3955-49D3-AAF8-172E88ECFCA0}.Release|Any CPU.ActiveCfg = Release|Any CPU
		{F428CEFA-3955-49D3-AAF8-172E88ECFCA0}.Release|Any CPU.Build.0 = Release|Any CPU
	EndGlobalSection
	GlobalSection(SolutionProperties) = preSolution
		HideSolutionNode = FALSE
	EndGlobalSection
EndGlobal
